
Microsoft Visual Studio Solution File, Format Version 12.00
# Visual Studio Version 17
VisualStudioVersion = 17.3.32825.248
MinimumVisualStudioVersion = 10.0.40219.1
Project("{FAE04EC0-301F-11D3-BF4B-00C04F79EFBC}") = "prac4", "prac4\prac4.csproj", "{FEE15086-9887-41E9-8C6B-1F8DBE95934F}"
EndProject
Global
	GlobalSection(SolutionConfigurationPlatforms) = preSolution
		Debug|Any CPU = Debug|Any CPU
		Release|Any CPU = Release|Any CPU
	EndGlobalSection
	GlobalSection(ProjectConfigurationPlatforms) = postSolution
		{FEE15086-9887-41E9-8C6B-1F8DBE95934F}.Debug|Any CPU.ActiveCfg = Debug|Any CPU
		{FEE15086-9887-41E9-8C6B-1F8DBE95934F}.Debug|Any CPU.Build.0 = Debug|Any CPU
		{FEE15086-9887-41E9-8C6B-1F8DBE95934F}.Release|Any CPU.ActiveCfg = Release|Any CPU
		{FEE15086-9887-41E9-8C6B-1F8DBE95934F}.Release|Any CPU.Build.0 = Release|Any CPU
	EndGlobalSection
	GlobalSection(SolutionProperties) = preSolution
		HideSolutionNode = FALSE
	EndGlobalSection
	GlobalSection(ExtensibilityGlobals) = postSolution
		SolutionGuid = {097958D6-036F-483B-AA8E-632FA30CA44C}
	EndGlobalSection
EndGlobal
